# THIS IS AN AUTOGENERATED FILE. DO NOT EDIT THIS FILE DIRECTLY.
# yarn lockfile v1


"@vertx/auth-common@3.7.1":
  version "3.7.1"
  resolved "https://registry.yarnpkg.com/@vertx/auth-common/-/auth-common-3.7.1.tgz#b42360fcf375e923cc3cf2b56c64727b2fa8c6ea"
  integrity sha512-bLqFdRhNncJUNinLfRIdsBBorabwzOErFJIY8sSVRCo/d8sp0ijBFjiMRF66AQ7pImFhAyyipKDvwYB2RBm/Rw==
  dependencies:
    "@vertx/core" "3.7.1"

"@vertx/bridge-common@3.7.1":
  version "3.7.1"
  resolved "https://registry.yarnpkg.com/@vertx/bridge-common/-/bridge-common-3.7.1.tgz#eab64f85b2b0994df268ce33a142ab4b80d62aca"
  integrity sha512-/98S4DDnSTbpWhHzP/jnDiHpSf/VGXxpaW5H2YIP7YkI7KfYztXRSgz+hzaH6lWqI7HeLAJy6XDyW9aYQuzPpg==
  dependencies:
    "@vertx/core" "3.7.1"

"@vertx/core@3.7.1":
  version "3.7.1"
  resolved "https://registry.yarnpkg.com/@vertx/core/-/core-3.7.1.tgz#da575f7f193c835c67c2db5d40b9ab6acac8021f"
  integrity sha512-LjbaPlIEeoglqhXUPuu7bDWVz6Jjs5liUPdww3XncZzl1QDciKmRE4WgNm/pwW2Y8qo4DQWlsqcaNh2TIg/i8A==

"@vertx/web-common@3.7.1":
  version "3.7.1"
  resolved "https://registry.yarnpkg.com/@vertx/web-common/-/web-common-3.7.1.tgz#6b316863cfb8e4b76ac7e561bb152dbeea418bab"
  integrity sha512-33vIJKC4+Rzg41o1O8R/4bLYw7weCbOVEAtRH1oBHQhOjzEalU9NbnpWpQC1zcVZxoXWq6vKexvmcZ9iR44+VQ==
  dependencies:
    "@vertx/core" "3.7.1"

"@vertx/web@^3.7.1":
  version "3.7.1"
  resolved "https://registry.yarnpkg.com/@vertx/web/-/web-3.7.1.tgz#7d73b00e63a2e72222b40930a9b1b4443191d5b1"
  integrity sha512-3R2odexaTxrCE7WJIc4sqNL2RJ0uMZ7hnPAa322Kc1bGKtsNQt7hW/eaWAJ3NCCYxHaCBAFcVGOSgYDE+C7jzQ==
  dependencies:
    "@vertx/auth-common" "3.7.1"
    "@vertx/bridge-common" "3.7.1"
    "@vertx/core" "3.7.1"
    "@vertx/web-common" "3.7.1"

events@^3.0.0:
  version "3.0.0"
  resolved "https://registry.yarnpkg.com/events/-/events-3.0.0.tgz#9a0a0dfaf62893d92b875b8f2698ca4114973e88"
  integrity sha512-Dc381HFWJzEOhQ+d8pkNon++bk9h6cdAoAj4iE6Q4y6xgTzySWXlKn05/TVNpjnfRqi/X0EpJEJohPjNI3zpVA==

graphql-subscriptions@^1.1.0:
  version "1.1.0"
  resolved "https://registry.yarnpkg.com/graphql-subscriptions/-/graphql-subscriptions-1.1.0.tgz#5f2fa4233eda44cf7570526adfcf3c16937aef11"
  integrity sha512-6WzlBFC0lWmXJbIVE8OgFgXIP4RJi3OQgTPa0DVMsDXdpRDjTsM1K9wfl5HSYX7R87QAGlvcv2Y4BIZa/ItonA==
  dependencies:
    iterall "^1.2.1"

graphql@^14.0.2:
  version "14.4.2"
  resolved "https://registry.yarnpkg.com/graphql/-/graphql-14.4.2.tgz#553a7d546d524663eda49ed6df77577be3203ae3"
  integrity sha512-6uQadiRgnpnSS56hdZUSvFrVcQ6OF9y6wkxJfKquFtHlnl7+KSuWwSJsdwiK1vybm1HgcdbpGkCpvhvsVQ0UZQ==
  dependencies:
    iterall "^1.2.2"

iterall@^1.2.1, iterall@^1.2.2:
  version "1.2.2"
  resolved "https://registry.yarnpkg.com/iterall/-/iterall-1.2.2.tgz#92d70deb8028e0c39ff3164fdbf4d8b088130cd7"
  integrity sha512-yynBb1g+RFUPY64fTrFv7nsjRrENBQJaX2UL+2Szc9REFrSNm1rpSXHGzhmAy7a9uv3vlvgBlXnf9RqmPH1/DA==

querystring@^0.2.0:
  version "0.2.0"
  resolved "https://registry.yarnpkg.com/querystring/-/querystring-0.2.0.tgz#b209849203bb25df820da756e747005878521620"
  integrity sha1-sgmEkgO7Jd+CDadW50cAWHhSFiA=
